// !$*UTF8*$!
{
	archiveVersion = 1;
	classes = {
	};
	objectVersion = 46;
	objects = {

/* Begin PBXBuildFile section */
		AD00D51C1DF3246600722E3E /* DumbLogger.framework in Frameworks */ = {isa = PBXBuildFile; fileRef = AD00D51B1DF3246600722E3E /* DumbLogger.framework */; };
		AD00D51D1DF3247800722E3E /* DumbLogger.framework in Embed Frameworks */ = {isa = PBXBuildFile; fileRef = AD00D51B1DF3246600722E3E /* DumbLogger.framework */; settings = {ATTRIBUTES = (CodeSignOnCopy, RemoveHeadersOnCopy, ); }; };
		ADBF08241DF092D900908F41 /* AppDelegate.swift in Sources */ = {isa = PBXBuildFile; fileRef = ADBF08231DF092D900908F41 /* AppDelegate.swift */; };
		ADBF08261DF092D900908F41 /* ViewController.swift in Sources */ = {isa = PBXBuildFile; fileRef = ADBF08251DF092D900908F41 /* ViewController.swift */; };
		ADBF08291DF092D900908F41 /* Main.storyboard in Resources */ = {isa = PBXBuildFile; fileRef = ADBF08271DF092D900908F41 /* Main.storyboard */; };
		ADBF082B1DF092D900908F41 /* Assets.xcassets in Resources */ = {isa = PBXBuildFile; fileRef = ADBF082A1DF092D900908F41 /* Assets.xcassets */; };
		ADBF082E1DF092D900908F41 /* LaunchScreen.storyboard in Resources */ = {isa = PBXBuildFile; fileRef = ADBF082C1DF092D900908F41 /* LaunchScreen.storyboard */; };
/* End PBXBuildFile section */

/* Begin PBXCopyFilesBuildPhase section */
		ADBF083A1DF092F100908F41 /* Embed Frameworks */ = {
			isa = PBXCopyFilesBuildPhase;
			buildActionMask = 2147483647;
			dstPath = "";
			dstSubfolderSpec = 10;
			files = (
				AD00D51D1DF3247800722E3E /* DumbLogger.framework in Embed Frameworks */,
			);
			name = "Embed Frameworks";
			runOnlyForDeploymentPostprocessing = 0;
		};
/* End PBXCopyFilesBuildPhase section */

/* Begin PBXFileReference section */
		AD00D51B1DF3246600722E3E /* DumbLogger.framework */ = {isa = PBXFileReference; lastKnownFileType = wrapper.framework; name = DumbLogger.framework; path = ../../bin/DumbLogger.framework; sourceTree = "<group>"; };
		ADBF08201DF092D900908F41 /* DumbLoggerSample.app */ = {isa = PBXFileReference; explicitFileType = wrapper.application; includeInIndex = 0; path = DumbLoggerSample.app; sourceTree = BUILT_PRODUCTS_DIR; };
		ADBF08231DF092D900908F41 /* AppDelegate.swift */ = {isa = PBXFileReference; lastKnownFileType = sourcecode.swift; path = AppDelegate.swift; sourceTree = "<group>"; };
		ADBF08251DF092D900908F41 /* ViewController.swift */ = {isa = PBXFileReference; lastKnownFileType = sourcecode.swift; path = ViewController.swift; sourceTree = "<group>"; };
		ADBF08281DF092D900908F41 /* Base */ = {isa = PBXFileReference; lastKnownFileType = file.storyboard; name = Base; path = Base.lproj/Main.storyboard; sourceTree = "<group>"; };
		ADBF082A1DF092D900908F41 /* Assets.xcassets */ = {isa = PBXFileReference; lastKnownFileType = folder.assetcatalog; path = Assets.xcassets; sourceTree = "<group>"; };
		ADBF082D1DF092D900908F41 /* Base */ = {isa = PBXFileReference; lastKnownFileType = file.storyboard; name = Base; path = Base.lproj/LaunchScreen.storyboard; sourceTree = "<group>"; };
		ADBF082F1DF092D900908F41 /* Info.plist */ = {isa = PBXFileReference; lastKnownFileType = text.plist.xml; path = Info.plist; sourceTree = "<group>"; };
/* End PBXFileReference section */

/* Begin PBXFrameworksBuildPhase section */
		ADBF081D1DF092D900908F41 /* Frameworks */ = {
			isa = PBXFrameworksBuildPhase;
			buildActionMask = 2147483647;
			files = (
				AD00D51C1DF3246600722E3E /* DumbLogger.framework in Frameworks */,
			);
			runOnlyForDeploymentPostprocessing = 0;
		};
/* End PBXFrameworksBuildPhase section */

/* Begin PBXGroup section */
		ADBF08171DF092D900908F41 = {
			isa = PBXGroup;
			children = (
				ADBF08221DF092D900908F41 /* DumbLoggerSample */,
				ADBF08211DF092D900908F41 /* Products */,
				ADBF08351DF092E600908F41 /* Frameworks */,
			);
			sourceTree = "<group>";
		};
		ADBF08211DF092D900908F41 /* Products */ = {
			isa = PBXGroup;
			children = (
				ADBF08201DF092D900908F41 /* DumbLoggerSample.app */,
			);
			name = Products;
			sourceTree = "<group>";
		};
		ADBF08221DF092D900908F41 /* DumbLoggerSample */ = {
			isa = PBXGroup;
			children = (
				ADBF08231DF092D900908F41 /* AppDelegate.swift */,
				ADBF08251DF092D900908F41 /* ViewController.swift */,
				ADBF08271DF092D900908F41 /* Main.storyboard */,
				ADBF082A1DF092D900908F41 /* Assets.xcassets */,
				ADBF082C1DF092D900908F41 /* LaunchScreen.storyboard */,
				ADBF082F1DF092D900908F41 /* Info.plist */,
			);
			path = DumbLoggerSample;
			sourceTree = "<group>";
		};
		ADBF08351DF092E600908F41 /* Frameworks */ = {
			isa = PBXGroup;
			children = (
				AD00D51B1DF3246600722E3E /* DumbLogger.framework */,
			);
			name = Frameworks;
			sourceTree = "<group>";
		};
/* End PBXGroup section */

/* Begin PBXNativeTarget section */
		ADBF081F1DF092D900908F41 /* DumbLoggerSample */ = {
			isa = PBXNativeTarget;
			buildConfigurationList = ADBF08321DF092D900908F41 /* Build configuration list for PBXNativeTarget "DumbLoggerSample" */;
			buildPhases = (
				ADBF081C1DF092D900908F41 /* Sources */,
				ADBF081D1DF092D900908F41 /* Frameworks */,
				ADBF081E1DF092D900908F41 /* Resources */,
				ADBF083A1DF092F100908F41 /* Embed Frameworks */,
				AD00D5191DF3222800722E3E /* ShellScript */,
			);
			buildRules = (
			);
			dependencies = (
			);
			name = DumbLoggerSample;
			productName = DumbLoggerSample;
			productReference = ADBF08201DF092D900908F41 /* DumbLoggerSample.app */;
			productType = "com.apple.product-type.application";
		};
/* End PBXNativeTarget section */

/* Begin PBXProject section */
		ADBF08181DF092D900908F41 /* Project object */ = {
			isa = PBXProject;
			attributes = {
				LastSwiftUpdateCheck = 0810;
				LastUpgradeCheck = 0810;
				ORGANIZATIONNAME = "Igor Ferreira";
				TargetAttributes = {
					ADBF081F1DF092D900908F41 = {
						CreatedOnToolsVersion = 8.1;
						ProvisioningStyle = Automatic;
					};
				};
			};
			buildConfigurationList = ADBF081B1DF092D900908F41 /* Build configuration list for PBXProject "DumbLoggerSample" */;
			compatibilityVersion = "Xcode 3.2";
			developmentRegion = English;
			hasScannedForEncodings = 0;
			knownRegions = (
				en,
				Base,
			);
			mainGroup = ADBF08171DF092D900908F41;
			productRefGroup = ADBF08211DF092D900908F41 /* Products */;
			projectDirPath = "";
			projectRoot = "";
			targets = (
				ADBF081F1DF092D900908F41 /* DumbLoggerSample */,
			);
		};
/* End PBXProject section */

/* Begin PBXResourcesBuildPhase section */
		ADBF081E1DF092D900908F41 /* Resources */ = {
			isa = PBXResourcesBuildPhase;
			buildActionMask = 2147483647;
			files = (
				ADBF082E1DF092D900908F41 /* LaunchScreen.storyboard in Resources */,
				ADBF082B1DF092D900908F41 /* Assets.xcassets in Resources */,
				ADBF08291DF092D900908F41 /* Main.storyboard in Resources */,
			);
			runOnlyForDeploymentPostprocessing = 0;
		};
/* End PBXResourcesBuildPhase section */

/* Begin PBXShellScriptBuildPhase section */
		AD00D5191DF3222800722E3E /* ShellScript */ = {
			isa = PBXShellScriptBuildPhase;
			buildActionMask = 2147483647;
			files = (
			);
			inputPaths = (
			);
			outputPaths = (
			);
			runOnlyForDeploymentPostprocessing = 0;
			shellPath = /bin/sh;
			shellScript = "\"${SRCROOT}/../../bin/DumbLogger.framework/strip_framework.sh\"";
		};
/* End PBXShellScriptBuildPhase section */

/* Begin PBXSourcesBuildPhase section */
		ADBF081C1DF092D900908F41 /* Sources */ = {
			isa = PBXSourcesBuildPhase;
			buildActionMask = 2147483647;
			files = (
				ADBF08261DF092D900908F41 /* ViewController.swift in Sources */,
				ADBF08241DF092D900908F41 /* AppDelegate.swift in Sources */,
			);
			runOnlyForDeploymentPostprocessing = 0;
		};
/* End PBXSourcesBuildPhase section */

/* Begin PBXVariantGroup section */
		ADBF08271DF092D900908F41 /* Main.storyboard */ = {
			isa = PBXVariantGroup;
			children = (
				ADBF08281DF092D900908F41 /* Base */,
			);
			name = Main.storyboard;
			sourceTree = "<group>";
		};
		ADBF082C1DF092D900908F41 /* LaunchScreen.storyboard */ = {
			isa = PBXVariantGroup;
			children = (
				ADBF082D1DF092D900908F41 /* Base */,
			);
			name = LaunchScreen.storyboard;
			sourceTree = "<group>";
		};
/* End PBXVariantGroup section */

/* Begin XCBuildConfiguration section */
		ADBF08301DF092D900908F41 /* Debug */ = {
			isa = XCBuildConfiguration;
			buildSettings = {
				ALWAYS_SEARCH_USER_PATHS = NO;
				CLANG_ANALYZER_NONNULL = YES;
				CLANG_CXX_LANGUAGE_STANDARD = "gnu++0x";
				CLANG_CXX_LIBRARY = "libc++";
				CLANG_ENABLE_MODULES = YES;
				CLANG_ENABLE_OBJC_ARC = YES;
				CLANG_WARN_BOOL_CONVERSION = YES;
				CLANG_WARN_CONSTANT_CONVERSION = YES;
				CLANG_WARN_DIRECT_OBJC_ISA_USAGE = YES_ERROR;
				CLANG_WARN_DOCUMENTATION_COMMENTS = YES;
				CLANG_WARN_EMPTY_BODY = YES;
				CLANG_WARN_ENUM_CONVERSION = YES;
				CLANG_WARN_INFINITE_RECURSION = YES;
				CLANG_WARN_INT_CONVERSION = YES;
				CLANG_WARN_OBJC_ROOT_CLASS = YES_ERROR;
				CLANG_WARN_SUSPICIOUS_MOVES = YES;
				CLANG_WARN_UNREACHABLE_CODE = YES;
				CLANG_WARN__DUPLICATE_METHOD_MATCH = YES;
				"CODE_SIGN_IDENTITY[sdk=iphoneos*]" = "iPhone Developer";
				COPY_PHASE_STRIP = NO;
				DEBUG_INFORMATION_FORMAT = dwarf;
				ENABLE_STRICT_OBJC_MSGSEND = YES;
				ENABLE_TESTABILITY = YES;
				GCC_C_LANGUAGE_STANDARD = gnu99;
				GCC_DYNAMIC_NO_PIC = NO;
				GCC_NO_COMMON_BLOCKS = YES;
				GCC_OPTIMIZATION_LEVEL = 0;
				GCC_PREPROCESSOR_DEFINITIONS = (
					"DEBUG=1",
					"$(inherited)",
				);
				GCC_WARN_64_TO_32_BIT_CONVERSION = YES;
				GCC_WARN_ABOUT_RETURN_TYPE = YES_ERROR;
				GCC_WARN_UNDECLARED_SELECTOR = YES;
				GCC_WARN_UNINITIALIZED_AUTOS = YES_AGGRESSIVE;
				GCC_WARN_UNUSED_FUNCTION = YES;
				GCC_WARN_UNUSED_VARIABLE = YES;
				IPHONEOS_DEPLOYMENT_TARGET = 8.4;
				MTL_ENABLE_DEBUG_INFO = YES;
				ONLY_ACTIVE_ARCH = YES;
				SDKROOT = iphoneos;
				SWIFT_ACTIVE_COMPILATION_CONDITIONS = DEBUG;
				SWIFT_OPTIMIZATION_LEVEL = "-Onone";
				TARGETED_DEVICE_FAMILY = "1,2";
			};
			name = Debug;
		};
		ADBF08311DF092D900908F41 /* Release */ = {
			isa = XCBuildConfiguration;
			buildSettings = {
				ALWAYS_SEARCH_USER_PATHS = NO;
				CLANG_ANALYZER_NONNULL = YES;
				CLANG_CXX_LANGUAGE_STANDARD = "gnu++0x";
				CLANG_CXX_LIBRARY = "libc++";
				CLANG_ENABLE_MODULES = YES;
				CLANG_ENABLE_OBJC_ARC = YES;
				CLANG_WARN_BOOL_CONVERSION = YES;
				CLANG_WARN_CONSTANT_CONVERSION = YES;
				CLANG_WARN_DIRECT_OBJC_ISA_USAGE = YES_ERROR;
				CLANG_WARN_DOCUMENTATION_COMMENTS = YES;
				CLANG_WARN_EMPTY_BODY = YES;
				CLANG_WARN_ENUM_CONVERSION = YES;
				CLANG_WARN_INFINITE_RECURSION = YES;
				CLANG_WARN_INT_CONVERSION = YES;
				CLANG_WARN_OBJC_ROOT_CLASS = YES_ERROR;
				CLANG_WARN_SUSPICIOUS_MOVES = YES;
				CLANG_WARN_UNREACHABLE_CODE = YES;
				CLANG_WARN__DUPLICATE_METHOD_MATCH = YES;
				"CODE_SIGN_IDENTITY[sdk=iphoneos*]" = "iPhone Developer";
				COPY_PHASE_STRIP = NO;
				DEBUG_INFORMATION_FORMAT = "dwarf-with-dsym";
				ENABLE_NS_ASSERTIONS = NO;
				ENABLE_STRICT_OBJC_MSGSEND = YES;
				GCC_C_LANGUAGE_STANDARD = gnu99;
				GCC_NO_COMMON_BLOCKS = YES;
				GCC_WARN_64_TO_32_BIT_CONVERSION = YES;
				GCC_WARN_ABOUT_RETURN_TYPE = YES_ERROR;
				GCC_WARN_UNDECLARED_SELECTOR = YES;
				GCC_WARN_UNINITIALIZED_AUTOS = YES_AGGRESSIVE;
				GCC_WARN_UNUSED_FUNCTION = YES;
				GCC_WARN_UNUSED_VARIABLE = YES;
				IPHONEOS_DEPLOYMENT_TARGET = 8.4;
				MTL_ENABLE_DEBUG_INFO = NO;
				SDKROOT = iphoneos;
				SWIFT_OPTIMIZATION_LEVEL = "-Owholemodule";
				TARGETED_DEVICE_FAMILY = "1,2";
				VALIDATE_PRODUCT = YES;
			};
			name = Release;
		};
		ADBF08331DF092D900908F41 /* Debug */ = {
			isa = XCBuildConfiguration;
			buildSettings = {
				ASSETCATALOG_COMPILER_APPICON_NAME = AppIcon;
				INFOPLIST_FILE = DumbLoggerSample/Info.plist;
				LD_RUNPATH_SEARCH_PATHS = "$(inherited) @executable_path/Frameworks";
				PRODUCT_BUNDLE_IDENTIFIER = com.igorcferreira.DumbLoggerSample;
				PRODUCT_NAME = "$(TARGET_NAME)";
				SWIFT_VERSION = 3.0;
			};
			name = Debug;
		};
		ADBF08341DF092D900908F41 /* Release */ = {
			isa = XCBuildConfiguration;
			buildSettings = {
				ASSETCATALOG_COMPILER_APPICON_NAME = AppIcon;
				INFOPLIST_FILE = DumbLoggerSample/Info.plist;
				LD_RUNPATH_SEARCH_PATHS = "$(inherited) @executable_path/Frameworks";
				PRODUCT_BUNDLE_IDENTIFIER = com.igorcferreira.DumbLoggerSample;
				PRODUCT_NAME = "$(TARGET_NAME)";
				SWIFT_VERSION = 3.0;
			};
			name = Release;
		};
/* End XCBuildConfiguration section */

/* Begin XCConfigurationList section */
		ADBF081B1DF092D900908F41 /* Build configuration list for PBXProject "DumbLoggerSample" */ = {
			isa = XCConfigurationList;
			buildConfigurations = (
				ADBF08301DF092D900908F41 /* Debug */,
				ADBF08311DF092D900908F41 /* Release */,
			);
			defaultConfigurationIsVisible = 0;
			defaultConfigurationName = Release;
		};
		ADBF08321DF092D900908F41 /* Build configuration list for PBXNativeTarget "DumbLoggerSample" */ = {
			isa = XCConfigurationList;
			buildConfigurations = (
				ADBF08331DF092D900908F41 /* Debug */,
				ADBF08341DF092D900908F41 /* Release */,
			);
			defaultConfigurationIsVisible = 0;
			defaultConfigurationName = Release;
		};
/* End XCConfigurationList section */
	};
	rootObject = ADBF08181DF092D900908F41 /* Project object */;
}
